// !$*UTF8*$!
{
	archiveVersion = 1;
	classes = {
	};
	objectVersion = 50;
	objects = {

/* Begin PBXBuildFile section */
		94F3595F22C9F7BD00437397 /* libpjlib-util-arm64-apple-darwin_ios.a in Frameworks */ = {isa = PBXBuildFile; fileRef = 94F3594622C9F7BC00437397 /* libpjlib-util-arm64-apple-darwin_ios.a */; };
		94F3596022C9F7BD00437397 /* libgsmcodec-arm64-apple-darwin_ios.a in Frameworks */ = {isa = PBXBuildFile; fileRef = 94F3594722C9F7BC00437397 /* libgsmcodec-arm64-apple-darwin_ios.a */; };
		94F3596122C9F7BD00437397 /* libpjsdp-x86_64-apple-darwin_ios.a in Frameworks */ = {isa = PBXBuildFile; fileRef = 94F3594822C9F7BC00437397 /* libpjsdp-x86_64-apple-darwin_ios.a */; };
		94F3596222C9F7BD00437397 /* libpjsua2-arm64-apple-darwin_ios.a in Frameworks */ = {isa = PBXBuildFile; fileRef = 94F3594922C9F7BC00437397 /* libpjsua2-arm64-apple-darwin_ios.a */; };
		94F3596322C9F7BD00437397 /* libpjmedia-codec-arm64-apple-darwin_ios.a in Frameworks */ = {isa = PBXBuildFile; fileRef = 94F3594A22C9F7BC00437397 /* libpjmedia-codec-arm64-apple-darwin_ios.a */; };
		94F3596422C9F7BD00437397 /* libyuv-arm64-apple-darwin_ios.a in Frameworks */ = {isa = PBXBuildFile; fileRef = 94F3594B22C9F7BC00437397 /* libyuv-arm64-apple-darwin_ios.a */; };
		94F3596522C9F7BD00437397 /* libilbccodec-arm64-apple-darwin_ios.a in Frameworks */ = {isa = PBXBuildFile; fileRef = 94F3594C22C9F7BD00437397 /* libilbccodec-arm64-apple-darwin_ios.a */; };
		94F3596622C9F7BD00437397 /* libpjnath-arm64-apple-darwin_ios.a in Frameworks */ = {isa = PBXBuildFile; fileRef = 94F3594D22C9F7BD00437397 /* libpjnath-arm64-apple-darwin_ios.a */; };
		94F3596722C9F7BD00437397 /* libpjsdp-armv7-apple-darwin_ios.a in Frameworks */ = {isa = PBXBuildFile; fileRef = 94F3594E22C9F7BD00437397 /* libpjsdp-armv7-apple-darwin_ios.a */; };
		94F3596822C9F7BD00437397 /* libpjmedia-audiodev-arm64-apple-darwin_ios.a in Frameworks */ = {isa = PBXBuildFile; fileRef = 94F3594F22C9F7BD00437397 /* libpjmedia-audiodev-arm64-apple-darwin_ios.a */; };
		94F3596922C9F7BD00437397 /* libpjmedia-videodev-arm64-apple-darwin_ios.a in Frameworks */ = {isa = PBXBuildFile; fileRef = 94F3595022C9F7BD00437397 /* libpjmedia-videodev-arm64-apple-darwin_ios.a */; };
		94F3596A22C9F7BD00437397 /* libpjsip-ua-arm64-apple-darwin_ios.a in Frameworks */ = {isa = PBXBuildFile; fileRef = 94F3595122C9F7BD00437397 /* libpjsip-ua-arm64-apple-darwin_ios.a */; };
		94F3596B22C9F7BD00437397 /* libpjsdp-armv7s-apple-darwin_ios.a in Frameworks */ = {isa = PBXBuildFile; fileRef = 94F3595222C9F7BD00437397 /* libpjsdp-armv7s-apple-darwin_ios.a */; };
		94F3596C22C9F7BD00437397 /* libpj-arm64-apple-darwin_ios.a in Frameworks */ = {isa = PBXBuildFile; fileRef = 94F3595322C9F7BD00437397 /* libpj-arm64-apple-darwin_ios.a */; };
		94F3596D22C9F7BD00437397 /* libg7221codec-arm64-apple-darwin_ios.a in Frameworks */ = {isa = PBXBuildFile; fileRef = 94F3595422C9F7BD00437397 /* libg7221codec-arm64-apple-darwin_ios.a */; };
		94F3596E22C9F7BD00437397 /* libpjsdp-i386-apple-darwin_ios.a in Frameworks */ = {isa = PBXBuildFile; fileRef = 94F3595522C9F7BD00437397 /* libpjsdp-i386-apple-darwin_ios.a */; };
		94F3596F22C9F7BD00437397 /* libwebrtc-arm64-apple-darwin_ios.a in Frameworks */ = {isa = PBXBuildFile; fileRef = 94F3595622C9F7BD00437397 /* libwebrtc-arm64-apple-darwin_ios.a */; };
		94F3597022C9F7BD00437397 /* libsrtp-arm64-apple-darwin_ios.a in Frameworks */ = {isa = PBXBuildFile; fileRef = 94F3595722C9F7BD00437397 /* libsrtp-arm64-apple-darwin_ios.a */; };
		94F3597122C9F7BD00437397 /* libpjsdp-arm64-apple-darwin_ios.a in Frameworks */ = {isa = PBXBuildFile; fileRef = 94F3595822C9F7BD00437397 /* libpjsdp-arm64-apple-darwin_ios.a */; };
		94F3597222C9F7BE00437397 /* libpjsua-arm64-apple-darwin_ios.a in Frameworks */ = {isa = PBXBuildFile; fileRef = 94F3595922C9F7BD00437397 /* libpjsua-arm64-apple-darwin_ios.a */; };
		94F3597322C9F7BE00437397 /* libpjsip-simple-arm64-apple-darwin_ios.a in Frameworks */ = {isa = PBXBuildFile; fileRef = 94F3595A22C9F7BD00437397 /* libpjsip-simple-arm64-apple-darwin_ios.a */; };
		94F3597422C9F7BE00437397 /* libresample-arm64-apple-darwin_ios.a in Frameworks */ = {isa = PBXBuildFile; fileRef = 94F3595B22C9F7BD00437397 /* libresample-arm64-apple-darwin_ios.a */; };
		94F3597522C9F7BE00437397 /* libspeex-arm64-apple-darwin_ios.a in Frameworks */ = {isa = PBXBuildFile; fileRef = 94F3595C22C9F7BD00437397 /* libspeex-arm64-apple-darwin_ios.a */; };
		94F3597622C9F7BE00437397 /* libpjsip-arm64-apple-darwin_ios.a in Frameworks */ = {isa = PBXBuildFile; fileRef = 94F3595D22C9F7BD00437397 /* libpjsip-arm64-apple-darwin_ios.a */; };
		94F3597722C9F7BE00437397 /* libpjmedia-arm64-apple-darwin_ios.a in Frameworks */ = {isa = PBXBuildFile; fileRef = 94F3595E22C9F7BD00437397 /* libpjmedia-arm64-apple-darwin_ios.a */; };
		CE03AB8D22C82393009B9CB3 /* AppDelegate.m in Sources */ = {isa = PBXBuildFile; fileRef = CE03AB8C22C82393009B9CB3 /* AppDelegate.m */; };
		CE03AB9022C82393009B9CB3 /* ViewController.m in Sources */ = {isa = PBXBuildFile; fileRef = CE03AB8F22C82393009B9CB3 /* ViewController.m */; };
		CE03AB9322C82393009B9CB3 /* Main.storyboard in Resources */ = {isa = PBXBuildFile; fileRef = CE03AB9122C82393009B9CB3 /* Main.storyboard */; };
		CE03AB9522C82394009B9CB3 /* Assets.xcassets in Resources */ = {isa = PBXBuildFile; fileRef = CE03AB9422C82394009B9CB3 /* Assets.xcassets */; };
		CE03AB9822C82394009B9CB3 /* LaunchScreen.storyboard in Resources */ = {isa = PBXBuildFile; fileRef = CE03AB9622C82394009B9CB3 /* LaunchScreen.storyboard */; };
		CE03AB9B22C82394009B9CB3 /* main.m in Sources */ = {isa = PBXBuildFile; fileRef = CE03AB9A22C82394009B9CB3 /* main.m */; };
		CE03AC4522C831C8009B9CB3 /* CFNetwork.framework in Frameworks */ = {isa = PBXBuildFile; fileRef = CE03AC3F22C831C8009B9CB3 /* CFNetwork.framework */; };
		CE03AC4622C831C8009B9CB3 /* CoreAudio.framework in Frameworks */ = {isa = PBXBuildFile; fileRef = CE03AC4022C831C8009B9CB3 /* CoreAudio.framework */; };
		CE03AC4722C831C8009B9CB3 /* AVFoundation.framework in Frameworks */ = {isa = PBXBuildFile; fileRef = CE03AC4122C831C8009B9CB3 /* AVFoundation.framework */; };
		CE03AC4822C831C8009B9CB3 /* CoreVideo.framework in Frameworks */ = {isa = PBXBuildFile; fileRef = CE03AC4222C831C8009B9CB3 /* CoreVideo.framework */; };
		CE03AC4922C831C8009B9CB3 /* VideoToolbox.framework in Frameworks */ = {isa = PBXBuildFile; fileRef = CE03AC4322C831C8009B9CB3 /* VideoToolbox.framework */; };
		CE03AC4A22C831C8009B9CB3 /* AudioToolbox.framework in Frameworks */ = {isa = PBXBuildFile; fileRef = CE03AC4422C831C8009B9CB3 /* AudioToolbox.framework */; };
		CE03AC4D22C84314009B9CB3 /* demo.c in Sources */ = {isa = PBXBuildFile; fileRef = CE03AC4C22C84314009B9CB3 /* demo.c */; };
/* End PBXBuildFile section */

/* Begin PBXFileReference section */
		942CF14E22C9AD5B00A38BF6 /* libpj-armv7-apple-darwin_ios.a */ = {isa = PBXFileReference; lastKnownFileType = archive.ar; name = "libpj-armv7-apple-darwin_ios.a"; path = "../pjproject-2.9/pjlib/lib/libpj-armv7-apple-darwin_ios.a"; sourceTree = "<group>"; };
		942CF15022C9AD6E00A38BF6 /* libpjlib-util-armv7-apple-darwin_ios.a */ = {isa = PBXFileReference; lastKnownFileType = archive.ar; name = "libpjlib-util-armv7-apple-darwin_ios.a"; path = "../pjproject-2.9/pjlib-util/lib/libpjlib-util-armv7-apple-darwin_ios.a"; sourceTree = "<group>"; };
		942CF15222C9AD8000A38BF6 /* libpjmedia-videodev-armv7-apple-darwin_ios.a */ = {isa = PBXFileReference; lastKnownFileType = archive.ar; name = "libpjmedia-videodev-armv7-apple-darwin_ios.a"; path = "../pjproject-2.9/pjmedia/lib/libpjmedia-videodev-armv7-apple-darwin_ios.a"; sourceTree = "<group>"; };
		942CF15322C9AD8100A38BF6 /* libpjsdp-armv7-apple-darwin_ios.a */ = {isa = PBXFileReference; lastKnownFileType = archive.ar; name = "libpjsdp-armv7-apple-darwin_ios.a"; path = "../pjproject-2.9/pjmedia/lib/libpjsdp-armv7-apple-darwin_ios.a"; sourceTree = "<group>"; };
		942CF15422C9AD8100A38BF6 /* libpjmedia-codec-armv7-apple-darwin_ios.a */ = {isa = PBXFileReference; lastKnownFileType = archive.ar; name = "libpjmedia-codec-armv7-apple-darwin_ios.a"; path = "../pjproject-2.9/pjmedia/lib/libpjmedia-codec-armv7-apple-darwin_ios.a"; sourceTree = "<group>"; };
		942CF15522C9AD8100A38BF6 /* libpjmedia-armv7-apple-darwin_ios.a */ = {isa = PBXFileReference; lastKnownFileType = archive.ar; name = "libpjmedia-armv7-apple-darwin_ios.a"; path = "../pjproject-2.9/pjmedia/lib/libpjmedia-armv7-apple-darwin_ios.a"; sourceTree = "<group>"; };
		942CF15622C9AD8100A38BF6 /* libpjmedia-audiodev-armv7-apple-darwin_ios.a */ = {isa = PBXFileReference; lastKnownFileType = archive.ar; name = "libpjmedia-audiodev-armv7-apple-darwin_ios.a"; path = "../pjproject-2.9/pjmedia/lib/libpjmedia-audiodev-armv7-apple-darwin_ios.a"; sourceTree = "<group>"; };
		942CF15C22C9AD9500A38BF6 /* libpjnath-armv7-apple-darwin_ios.a */ = {isa = PBXFileReference; lastKnownFileType = archive.ar; name = "libpjnath-armv7-apple-darwin_ios.a"; path = "../pjproject-2.9/pjnath/lib/libpjnath-armv7-apple-darwin_ios.a"; sourceTree = "<group>"; };
		942CF15E22C9ADA700A38BF6 /* libpjsip-ua-armv7-apple-darwin_ios.a */ = {isa = PBXFileReference; lastKnownFileType = archive.ar; name = "libpjsip-ua-armv7-apple-darwin_ios.a"; path = "../pjproject-2.9/pjsip/lib/libpjsip-ua-armv7-apple-darwin_ios.a"; sourceTree = "<group>"; };
		942CF15F22C9ADA700A38BF6 /* libpjsip-armv7-apple-darwin_ios.a */ = {isa = PBXFileReference; lastKnownFileType = archive.ar; name = "libpjsip-armv7-apple-darwin_ios.a"; path = "../pjproject-2.9/pjsip/lib/libpjsip-armv7-apple-darwin_ios.a"; sourceTree = "<group>"; };
		942CF16022C9ADA800A38BF6 /* libpjsua-armv7-apple-darwin_ios.a */ = {isa = PBXFileReference; lastKnownFileType = archive.ar; name = "libpjsua-armv7-apple-darwin_ios.a"; path = "../pjproject-2.9/pjsip/lib/libpjsua-armv7-apple-darwin_ios.a"; sourceTree = "<group>"; };
		942CF16122C9ADA800A38BF6 /* libpjsua2-armv7-apple-darwin_ios.a */ = {isa = PBXFileReference; lastKnownFileType = archive.ar; name = "libpjsua2-armv7-apple-darwin_ios.a"; path = "../pjproject-2.9/pjsip/lib/libpjsua2-armv7-apple-darwin_ios.a"; sourceTree = "<group>"; };
		942CF16222C9ADA800A38BF6 /* libpjsip-simple-armv7-apple-darwin_ios.a */ = {isa = PBXFileReference; lastKnownFileType = archive.ar; name = "libpjsip-simple-armv7-apple-darwin_ios.a"; path = "../pjproject-2.9/pjsip/lib/libpjsip-simple-armv7-apple-darwin_ios.a"; sourceTree = "<group>"; };
		942CF16822C9ADB800A38BF6 /* libilbccodec-armv7-apple-darwin_ios.a */ = {isa = PBXFileReference; lastKnownFileType = archive.ar; name = "libilbccodec-armv7-apple-darwin_ios.a"; path = "../pjproject-2.9/third_party/lib/libilbccodec-armv7-apple-darwin_ios.a"; sourceTree = "<group>"; };
		942CF16922C9ADB800A38BF6 /* libg7221codec-armv7-apple-darwin_ios.a */ = {isa = PBXFileReference; lastKnownFileType = archive.ar; name = "libg7221codec-armv7-apple-darwin_ios.a"; path = "../pjproject-2.9/third_party/lib/libg7221codec-armv7-apple-darwin_ios.a"; sourceTree = "<group>"; };
		942CF16A22C9ADB800A38BF6 /* libspeex-armv7-apple-darwin_ios.a */ = {isa = PBXFileReference; lastKnownFileType = archive.ar; name = "libspeex-armv7-apple-darwin_ios.a"; path = "../pjproject-2.9/third_party/lib/libspeex-armv7-apple-darwin_ios.a"; sourceTree = "<group>"; };
		942CF16B22C9ADB800A38BF6 /* libgsmcodec-armv7-apple-darwin_ios.a */ = {isa = PBXFileReference; lastKnownFileType = archive.ar; name = "libgsmcodec-armv7-apple-darwin_ios.a"; path = "../pjproject-2.9/third_party/lib/libgsmcodec-armv7-apple-darwin_ios.a"; sourceTree = "<group>"; };
		942CF16C22C9ADB800A38BF6 /* libsrtp-armv7-apple-darwin_ios.a */ = {isa = PBXFileReference; lastKnownFileType = archive.ar; name = "libsrtp-armv7-apple-darwin_ios.a"; path = "../pjproject-2.9/third_party/lib/libsrtp-armv7-apple-darwin_ios.a"; sourceTree = "<group>"; };
		942CF16D22C9ADB800A38BF6 /* libwebrtc-armv7-apple-darwin_ios.a */ = {isa = PBXFileReference; lastKnownFileType = archive.ar; name = "libwebrtc-armv7-apple-darwin_ios.a"; path = "../pjproject-2.9/third_party/lib/libwebrtc-armv7-apple-darwin_ios.a"; sourceTree = "<group>"; };
		942CF16E22C9ADB800A38BF6 /* libyuv-armv7-apple-darwin_ios.a */ = {isa = PBXFileReference; lastKnownFileType = archive.ar; name = "libyuv-armv7-apple-darwin_ios.a"; path = "../pjproject-2.9/third_party/lib/libyuv-armv7-apple-darwin_ios.a"; sourceTree = "<group>"; };
		942CF16F22C9ADB800A38BF6 /* libresample-armv7-apple-darwin_ios.a */ = {isa = PBXFileReference; lastKnownFileType = archive.ar; name = "libresample-armv7-apple-darwin_ios.a"; path = "../pjproject-2.9/third_party/lib/libresample-armv7-apple-darwin_ios.a"; sourceTree = "<group>"; };
		94F3591922C9CD8100437397 /* libpj-arm64-apple-darwin_ios.a */ = {isa = PBXFileReference; lastKnownFileType = archive.ar; name = "libpj-arm64-apple-darwin_ios.a"; path = "../pjproject-2.9/pjlib/lib/libpj-arm64-apple-darwin_ios.a"; sourceTree = "<group>"; };
		94F3591B22C9F65400437397 /* libilbccodec.a */ = {isa = PBXFileReference; lastKnownFileType = archive.ar; name = libilbccodec.a; path = ../target/lib/libilbccodec.a; sourceTree = "<group>"; };
		94F3591C22C9F65400437397 /* libpjsua.a */ = {isa = PBXFileReference; lastKnownFileType = archive.ar; name = libpjsua.a; path = ../target/lib/libpjsua.a; sourceTree = "<group>"; };
		94F3591D22C9F65400437397 /* libpjmedia-codec.a */ = {isa = PBXFileReference; lastKnownFileType = archive.ar; name = "libpjmedia-codec.a"; path = "../target/lib/libpjmedia-codec.a"; sourceTree = "<group>"; };
		94F3591E22C9F65400437397 /* libpjsua2.a */ = {isa = PBXFileReference; lastKnownFileType = archive.ar; name = libpjsua2.a; path = ../target/lib/libpjsua2.a; sourceTree = "<group>"; };
		94F3591F22C9F65400437397 /* libwebrtc.a */ = {isa = PBXFileReference; lastKnownFileType = archive.ar; name = libwebrtc.a; path = ../target/lib/libwebrtc.a; sourceTree = "<group>"; };
		94F3592022C9F65400437397 /* libpjsip.a */ = {isa = PBXFileReference; lastKnownFileType = archive.ar; name = libpjsip.a; path = ../target/lib/libpjsip.a; sourceTree = "<group>"; };
		94F3592122C9F65400437397 /* libspeex.a */ = {isa = PBXFileReference; lastKnownFileType = archive.ar; name = libspeex.a; path = ../target/lib/libspeex.a; sourceTree = "<group>"; };
		94F3592222C9F65400437397 /* libpj.a */ = {isa = PBXFileReference; lastKnownFileType = archive.ar; name = libpj.a; path = ../target/lib/libpj.a; sourceTree = "<group>"; };
		94F3592322C9F65400437397 /* libsrtp.a */ = {isa = PBXFileReference; lastKnownFileType = archive.ar; name = libsrtp.a; path = ../target/lib/libsrtp.a; sourceTree = "<group>"; };
		94F3592422C9F65400437397 /* libpjsdp.a */ = {isa = PBXFileReference; lastKnownFileType = archive.ar; name = libpjsdp.a; path = ../target/lib/libpjsdp.a; sourceTree = "<group>"; };
		94F3592522C9F65400437397 /* libpjmedia.a */ = {isa = PBXFileReference; lastKnownFileType = archive.ar; name = libpjmedia.a; path = ../target/lib/libpjmedia.a; sourceTree = "<group>"; };
		94F3592622C9F65400437397 /* libgsmcodec.a */ = {isa = PBXFileReference; lastKnownFileType = archive.ar; name = libgsmcodec.a; path = ../target/lib/libgsmcodec.a; sourceTree = "<group>"; };
		94F3592722C9F65400437397 /* libpjmedia-audiodev.a */ = {isa = PBXFileReference; lastKnownFileType = archive.ar; name = "libpjmedia-audiodev.a"; path = "../target/lib/libpjmedia-audiodev.a"; sourceTree = "<group>"; };
		94F3592822C9F65400437397 /* libresample.a */ = {isa = PBXFileReference; lastKnownFileType = archive.ar; name = libresample.a; path = ../target/lib/libresample.a; sourceTree = "<group>"; };
		94F3592922C9F65400437397 /* libyuv.a */ = {isa = PBXFileReference; lastKnownFileType = archive.ar; name = libyuv.a; path = ../target/lib/libyuv.a; sourceTree = "<group>"; };
		94F3592A22C9F65400437397 /* libpjnath.a */ = {isa = PBXFileReference; lastKnownFileType = archive.ar; name = libpjnath.a; path = ../target/lib/libpjnath.a; sourceTree = "<group>"; };
		94F3592B22C9F65400437397 /* libpjmedia-videodev.a */ = {isa = PBXFileReference; lastKnownFileType = archive.ar; name = "libpjmedia-videodev.a"; path = "../target/lib/libpjmedia-videodev.a"; sourceTree = "<group>"; };
		94F3592C22C9F65400437397 /* libpjlib.a */ = {isa = PBXFileReference; lastKnownFileType = archive.ar; name = libpjlib.a; path = ../target/lib/libpjlib.a; sourceTree = "<group>"; };
		94F3592D22C9F65400437397 /* libpjsip-ua.a */ = {isa = PBXFileReference; lastKnownFileType = archive.ar; name = "libpjsip-ua.a"; path = "../target/lib/libpjsip-ua.a"; sourceTree = "<group>"; };
		94F3592E22C9F65400437397 /* libg7221codec.a */ = {isa = PBXFileReference; lastKnownFileType = archive.ar; name = libg7221codec.a; path = ../target/lib/libg7221codec.a; sourceTree = "<group>"; };
		94F3592F22C9F65400437397 /* libpjsip-simple.a */ = {isa = PBXFileReference; lastKnownFileType = archive.ar; name = "libpjsip-simple.a"; path = "../target/lib/libpjsip-simple.a"; sourceTree = "<group>"; };
		94F3594622C9F7BC00437397 /* libpjlib-util-arm64-apple-darwin_ios.a */ = {isa = PBXFileReference; lastKnownFileType = archive.ar; name = "libpjlib-util-arm64-apple-darwin_ios.a"; path = "../target/lib/arm64/lib/libpjlib-util-arm64-apple-darwin_ios.a"; sourceTree = "<group>"; };
		94F3594722C9F7BC00437397 /* libgsmcodec-arm64-apple-darwin_ios.a */ = {isa = PBXFileReference; lastKnownFileType = archive.ar; name = "libgsmcodec-arm64-apple-darwin_ios.a"; path = "../target/lib/arm64/lib/libgsmcodec-arm64-apple-darwin_ios.a"; sourceTree = "<group>"; };
		94F3594822C9F7BC00437397 /* libpjsdp-x86_64-apple-darwin_ios.a */ = {isa = PBXFileReference; lastKnownFileType = archive.ar; name = "libpjsdp-x86_64-apple-darwin_ios.a"; path = "../target/lib/arm64/lib/libpjsdp-x86_64-apple-darwin_ios.a"; sourceTree = "<group>"; };
		94F3594922C9F7BC00437397 /* libpjsua2-arm64-apple-darwin_ios.a */ = {isa = PBXFileReference; lastKnownFileType = archive.ar; name = "libpjsua2-arm64-apple-darwin_ios.a"; path = "../target/lib/arm64/lib/libpjsua2-arm64-apple-darwin_ios.a"; sourceTree = "<group>"; };
		94F3594A22C9F7BC00437397 /* libpjmedia-codec-arm64-apple-darwin_ios.a */ = {isa = PBXFileReference; lastKnownFileType = archive.ar; name = "libpjmedia-codec-arm64-apple-darwin_ios.a"; path = "../target/lib/arm64/lib/libpjmedia-codec-arm64-apple-darwin_ios.a"; sourceTree = "<group>"; };
		94F3594B22C9F7BC00437397 /* libyuv-arm64-apple-darwin_ios.a */ = {isa = PBXFileReference; lastKnownFileType = archive.ar; name = "libyuv-arm64-apple-darwin_ios.a"; path = "../target/lib/arm64/lib/libyuv-arm64-apple-darwin_ios.a"; sourceTree = "<group>"; };
		94F3594C22C9F7BD00437397 /* libilbccodec-arm64-apple-darwin_ios.a */ = {isa = PBXFileReference; lastKnownFileType = archive.ar; name = "libilbccodec-arm64-apple-darwin_ios.a"; path = "../target/lib/arm64/lib/libilbccodec-arm64-apple-darwin_ios.a"; sourceTree = "<group>"; };
		94F3594D22C9F7BD00437397 /* libpjnath-arm64-apple-darwin_ios.a */ = {isa = PBXFileReference; lastKnownFileType = archive.ar; name = "libpjnath-arm64-apple-darwin_ios.a"; path = "../target/lib/arm64/lib/libpjnath-arm64-apple-darwin_ios.a"; sourceTree = "<group>"; };
		94F3594E22C9F7BD00437397 /* libpjsdp-armv7-apple-darwin_ios.a */ = {isa = PBXFileReference; lastKnownFileType = archive.ar; name = "libpjsdp-armv7-apple-darwin_ios.a"; path = "../target/lib/arm64/lib/libpjsdp-armv7-apple-darwin_ios.a"; sourceTree = "<group>"; };
		94F3594F22C9F7BD00437397 /* libpjmedia-audiodev-arm64-apple-darwin_ios.a */ = {isa = PBXFileReference; lastKnownFileType = archive.ar; name = "libpjmedia-audiodev-arm64-apple-darwin_ios.a"; path = "../target/lib/arm64/lib/libpjmedia-audiodev-arm64-apple-darwin_ios.a"; sourceTree = "<group>"; };
		94F3595022C9F7BD00437397 /* libpjmedia-videodev-arm64-apple-darwin_ios.a */ = {isa = PBXFileReference; lastKnownFileType = archive.ar; name = "libpjmedia-videodev-arm64-apple-darwin_ios.a"; path = "../target/lib/arm64/lib/libpjmedia-videodev-arm64-apple-darwin_ios.a"; sourceTree = "<group>"; };
		94F3595122C9F7BD00437397 /* libpjsip-ua-arm64-apple-darwin_ios.a */ = {isa = PBXFileReference; lastKnownFileType = archive.ar; name = "libpjsip-ua-arm64-apple-darwin_ios.a"; path = "../target/lib/arm64/lib/libpjsip-ua-arm64-apple-darwin_ios.a"; sourceTree = "<group>"; };
		94F3595222C9F7BD00437397 /* libpjsdp-armv7s-apple-darwin_ios.a */ = {isa = PBXFileReference; lastKnownFileType = archive.ar; name = "libpjsdp-armv7s-apple-darwin_ios.a"; path = "../target/lib/arm64/lib/libpjsdp-armv7s-apple-darwin_ios.a"; sourceTree = "<group>"; };
		94F3595322C9F7BD00437397 /* libpj-arm64-apple-darwin_ios.a */ = {isa = PBXFileReference; lastKnownFileType = archive.ar; name = "libpj-arm64-apple-darwin_ios.a"; path = "../target/lib/arm64/lib/libpj-arm64-apple-darwin_ios.a"; sourceTree = "<group>"; };
		94F3595422C9F7BD00437397 /* libg7221codec-arm64-apple-darwin_ios.a */ = {isa = PBXFileReference; lastKnownFileType = archive.ar; name = "libg7221codec-arm64-apple-darwin_ios.a"; path = "../target/lib/arm64/lib/libg7221codec-arm64-apple-darwin_ios.a"; sourceTree = "<group>"; };
		94F3595522C9F7BD00437397 /* libpjsdp-i386-apple-darwin_ios.a */ = {isa = PBXFileReference; lastKnownFileType = archive.ar; name = "libpjsdp-i386-apple-darwin_ios.a"; path = "../target/lib/arm64/lib/libpjsdp-i386-apple-darwin_ios.a"; sourceTree = "<group>"; };
		94F3595622C9F7BD00437397 /* libwebrtc-arm64-apple-darwin_ios.a */ = {isa = PBXFileReference; lastKnownFileType = archive.ar; name = "libwebrtc-arm64-apple-darwin_ios.a"; path = "../target/lib/arm64/lib/libwebrtc-arm64-apple-darwin_ios.a"; sourceTree = "<group>"; };
		94F3595722C9F7BD00437397 /* libsrtp-arm64-apple-darwin_ios.a */ = {isa = PBXFileReference; lastKnownFileType = archive.ar; name = "libsrtp-arm64-apple-darwin_ios.a"; path = "../target/lib/arm64/lib/libsrtp-arm64-apple-darwin_ios.a"; sourceTree = "<group>"; };
		94F3595822C9F7BD00437397 /* libpjsdp-arm64-apple-darwin_ios.a */ = {isa = PBXFileReference; lastKnownFileType = archive.ar; name = "libpjsdp-arm64-apple-darwin_ios.a"; path = "../target/lib/arm64/lib/libpjsdp-arm64-apple-darwin_ios.a"; sourceTree = "<group>"; };
		94F3595922C9F7BD00437397 /* libpjsua-arm64-apple-darwin_ios.a */ = {isa = PBXFileReference; lastKnownFileType = archive.ar; name = "libpjsua-arm64-apple-darwin_ios.a"; path = "../target/lib/arm64/lib/libpjsua-arm64-apple-darwin_ios.a"; sourceTree = "<group>"; };
		94F3595A22C9F7BD00437397 /* libpjsip-simple-arm64-apple-darwin_ios.a */ = {isa = PBXFileReference; lastKnownFileType = archive.ar; name = "libpjsip-simple-arm64-apple-darwin_ios.a"; path = "../target/lib/arm64/lib/libpjsip-simple-arm64-apple-darwin_ios.a"; sourceTree = "<group>"; };
		94F3595B22C9F7BD00437397 /* libresample-arm64-apple-darwin_ios.a */ = {isa = PBXFileReference; lastKnownFileType = archive.ar; name = "libresample-arm64-apple-darwin_ios.a"; path = "../target/lib/arm64/lib/libresample-arm64-apple-darwin_ios.a"; sourceTree = "<group>"; };
		94F3595C22C9F7BD00437397 /* libspeex-arm64-apple-darwin_ios.a */ = {isa = PBXFileReference; lastKnownFileType = archive.ar; name = "libspeex-arm64-apple-darwin_ios.a"; path = "../target/lib/arm64/lib/libspeex-arm64-apple-darwin_ios.a"; sourceTree = "<group>"; };
		94F3595D22C9F7BD00437397 /* libpjsip-arm64-apple-darwin_ios.a */ = {isa = PBXFileReference; lastKnownFileType = archive.ar; name = "libpjsip-arm64-apple-darwin_ios.a"; path = "../target/lib/arm64/lib/libpjsip-arm64-apple-darwin_ios.a"; sourceTree = "<group>"; };
		94F3595E22C9F7BD00437397 /* libpjmedia-arm64-apple-darwin_ios.a */ = {isa = PBXFileReference; lastKnownFileType = archive.ar; name = "libpjmedia-arm64-apple-darwin_ios.a"; path = "../target/lib/arm64/lib/libpjmedia-arm64-apple-darwin_ios.a"; sourceTree = "<group>"; };
		CE03AB8822C82393009B9CB3 /* Hello.app */ = {isa = PBXFileReference; explicitFileType = wrapper.application; includeInIndex = 0; path = Hello.app; sourceTree = BUILT_PRODUCTS_DIR; };
		CE03AB8B22C82393009B9CB3 /* AppDelegate.h */ = {isa = PBXFileReference; lastKnownFileType = sourcecode.c.h; path = AppDelegate.h; sourceTree = "<group>"; };
		CE03AB8C22C82393009B9CB3 /* AppDelegate.m */ = {isa = PBXFileReference; lastKnownFileType = sourcecode.c.objc; path = AppDelegate.m; sourceTree = "<group>"; };
		CE03AB8E22C82393009B9CB3 /* ViewController.h */ = {isa = PBXFileReference; lastKnownFileType = sourcecode.c.h; path = ViewController.h; sourceTree = "<group>"; };
		CE03AB8F22C82393009B9CB3 /* ViewController.m */ = {isa = PBXFileReference; lastKnownFileType = sourcecode.c.objc; path = ViewController.m; sourceTree = "<group>"; };
		CE03AB9222C82393009B9CB3 /* Base */ = {isa = PBXFileReference; lastKnownFileType = file.storyboard; name = Base; path = Base.lproj/Main.storyboard; sourceTree = "<group>"; };
		CE03AB9422C82394009B9CB3 /* Assets.xcassets */ = {isa = PBXFileReference; lastKnownFileType = folder.assetcatalog; path = Assets.xcassets; sourceTree = "<group>"; };
		CE03AB9722C82394009B9CB3 /* Base */ = {isa = PBXFileReference; lastKnownFileType = file.storyboard; name = Base; path = Base.lproj/LaunchScreen.storyboard; sourceTree = "<group>"; };
		CE03AB9922C82394009B9CB3 /* Info.plist */ = {isa = PBXFileReference; lastKnownFileType = text.plist.xml; path = Info.plist; sourceTree = "<group>"; };
		CE03AB9A22C82394009B9CB3 /* main.m */ = {isa = PBXFileReference; lastKnownFileType = sourcecode.c.objc; path = main.m; sourceTree = "<group>"; };
		CE03ABA222C82961009B9CB3 /* libpjsip-armv7-apple-darwin_ios.a */ = {isa = PBXFileReference; lastKnownFileType = archive.ar; name = "libpjsip-armv7-apple-darwin_ios.a"; path = "../../Documents/src/pjproject-2.9/pjsip/lib/libpjsip-armv7-apple-darwin_ios.a"; sourceTree = "<group>"; };
		CE03ABA322C82961009B9CB3 /* libpjsip-simple-armv7-apple-darwin_ios.a */ = {isa = PBXFileReference; lastKnownFileType = archive.ar; name = "libpjsip-simple-armv7-apple-darwin_ios.a"; path = "../../Documents/src/pjproject-2.9/pjsip/lib/libpjsip-simple-armv7-apple-darwin_ios.a"; sourceTree = "<group>"; };
		CE03ABA422C82961009B9CB3 /* libpjsua-armv7-apple-darwin_ios.a */ = {isa = PBXFileReference; lastKnownFileType = archive.ar; name = "libpjsua-armv7-apple-darwin_ios.a"; path = "../../Documents/src/pjproject-2.9/pjsip/lib/libpjsua-armv7-apple-darwin_ios.a"; sourceTree = "<group>"; };
		CE03ABA522C82961009B9CB3 /* libpjsip-ua-armv7-apple-darwin_ios.a */ = {isa = PBXFileReference; lastKnownFileType = archive.ar; name = "libpjsip-ua-armv7-apple-darwin_ios.a"; path = "../../Documents/src/pjproject-2.9/pjsip/lib/libpjsip-ua-armv7-apple-darwin_ios.a"; sourceTree = "<group>"; };
		CE03ABA622C82961009B9CB3 /* libpjsua2-armv7-apple-darwin_ios.a */ = {isa = PBXFileReference; lastKnownFileType = archive.ar; name = "libpjsua2-armv7-apple-darwin_ios.a"; path = "../../Documents/src/pjproject-2.9/pjsip/lib/libpjsua2-armv7-apple-darwin_ios.a"; sourceTree = "<group>"; };
		CE03ABAC22C82995009B9CB3 /* libpj-armv7-apple-darwin_ios.a */ = {isa = PBXFileReference; lastKnownFileType = archive.ar; name = "libpj-armv7-apple-darwin_ios.a"; path = "../../Documents/src/pjproject-2.9/pjlib/lib/libpj-armv7-apple-darwin_ios.a"; sourceTree = "<group>"; };
		CE03ABAE22C829B0009B9CB3 /* libpjlib-util-armv7-apple-darwin_ios.a */ = {isa = PBXFileReference; lastKnownFileType = archive.ar; name = "libpjlib-util-armv7-apple-darwin_ios.a"; path = "../../Documents/src/pjproject-2.9/pjlib-util/lib/libpjlib-util-armv7-apple-darwin_ios.a"; sourceTree = "<group>"; };
		CE03ABB022C829CE009B9CB3 /* libpjmedia-audiodev-armv7-apple-darwin_ios.a */ = {isa = PBXFileReference; lastKnownFileType = archive.ar; name = "libpjmedia-audiodev-armv7-apple-darwin_ios.a"; path = "../../Documents/src/pjproject-2.9/pjmedia/lib/libpjmedia-audiodev-armv7-apple-darwin_ios.a"; sourceTree = "<group>"; };
		CE03ABB122C829CE009B9CB3 /* libpjmedia-videodev-armv7-apple-darwin_ios.a */ = {isa = PBXFileReference; lastKnownFileType = archive.ar; name = "libpjmedia-videodev-armv7-apple-darwin_ios.a"; path = "../../Documents/src/pjproject-2.9/pjmedia/lib/libpjmedia-videodev-armv7-apple-darwin_ios.a"; sourceTree = "<group>"; };
		CE03ABB222C829CE009B9CB3 /* libpjsdp-armv7-apple-darwin_ios.a */ = {isa = PBXFileReference; lastKnownFileType = archive.ar; name = "libpjsdp-armv7-apple-darwin_ios.a"; path = "../../Documents/src/pjproject-2.9/pjmedia/lib/libpjsdp-armv7-apple-darwin_ios.a"; sourceTree = "<group>"; };
		CE03ABB322C829CE009B9CB3 /* libpjmedia-armv7-apple-darwin_ios.a */ = {isa = PBXFileReference; lastKnownFileType = archive.ar; name = "libpjmedia-armv7-apple-darwin_ios.a"; path = "../../Documents/src/pjproject-2.9/pjmedia/lib/libpjmedia-armv7-apple-darwin_ios.a"; sourceTree = "<group>"; };
		CE03ABB422C829CE009B9CB3 /* libpjmedia-codec-armv7-apple-darwin_ios.a */ = {isa = PBXFileReference; lastKnownFileType = archive.ar; name = "libpjmedia-codec-armv7-apple-darwin_ios.a"; path = "../../Documents/src/pjproject-2.9/pjmedia/lib/libpjmedia-codec-armv7-apple-darwin_ios.a"; sourceTree = "<group>"; };
		CE03ABBA22C829E3009B9CB3 /* libpjnath-armv7-apple-darwin_ios.a */ = {isa = PBXFileReference; lastKnownFileType = archive.ar; name = "libpjnath-armv7-apple-darwin_ios.a"; path = "../../Documents/src/pjproject-2.9/pjnath/lib/libpjnath-armv7-apple-darwin_ios.a"; sourceTree = "<group>"; };
		CE03ABBC22C82CA2009B9CB3 /* libpj-arm64-apple-darwin_ios.a */ = {isa = PBXFileReference; lastKnownFileType = archive.ar; name = "libpj-arm64-apple-darwin_ios.a"; path = "../../Documents/src/pjproject-2.9/pjlib/lib/libpj-arm64-apple-darwin_ios.a"; sourceTree = "<group>"; };
		CE03ABBE22C82CBD009B9CB3 /* libpjlib-util-arm64-apple-darwin_ios.a */ = {isa = PBXFileReference; lastKnownFileType = archive.ar; name = "libpjlib-util-arm64-apple-darwin_ios.a"; path = "../../Documents/src/pjproject-2.9/pjlib-util/lib/libpjlib-util-arm64-apple-darwin_ios.a"; sourceTree = "<group>"; };
		CE03ABC522C82CE4009B9CB3 /* libpjmedia-arm64-apple-darwin_ios.a */ = {isa = PBXFileReference; lastKnownFileType = archive.ar; name = "libpjmedia-arm64-apple-darwin_ios.a"; path = "../../Documents/src/pjproject-2.9/pjmedia/lib/libpjmedia-arm64-apple-darwin_ios.a"; sourceTree = "<group>"; };
		CE03ABC622C82CE4009B9CB3 /* libpjmedia-audiodev-arm64-apple-darwin_ios.a */ = {isa = PBXFileReference; lastKnownFileType = archive.ar; name = "libpjmedia-audiodev-arm64-apple-darwin_ios.a"; path = "../../Documents/src/pjproject-2.9/pjmedia/lib/libpjmedia-audiodev-arm64-apple-darwin_ios.a"; sourceTree = "<group>"; };
		CE03ABC722C82CE4009B9CB3 /* libpjmedia-videodev-arm64-apple-darwin_ios.a */ = {isa = PBXFileReference; lastKnownFileType = archive.ar; name = "libpjmedia-videodev-arm64-apple-darwin_ios.a"; path = "../../Documents/src/pjproject-2.9/pjmedia/lib/libpjmedia-videodev-arm64-apple-darwin_ios.a"; sourceTree = "<group>"; };
		CE03ABC822C82CE4009B9CB3 /* libpjsdp-arm64-apple-darwin_ios.a */ = {isa = PBXFileReference; lastKnownFileType = archive.ar; name = "libpjsdp-arm64-apple-darwin_ios.a"; path = "../../Documents/src/pjproject-2.9/pjmedia/lib/libpjsdp-arm64-apple-darwin_ios.a"; sourceTree = "<group>"; };
		CE03ABC922C82CE4009B9CB3 /* libpjmedia-codec-arm64-apple-darwin_ios.a */ = {isa = PBXFileReference; lastKnownFileType = archive.ar; name = "libpjmedia-codec-arm64-apple-darwin_ios.a"; path = "../../Documents/src/pjproject-2.9/pjmedia/lib/libpjmedia-codec-arm64-apple-darwin_ios.a"; sourceTree = "<group>"; };
		CE03ABD022C82CF9009B9CB3 /* libpjnath-arm64-apple-darwin_ios.a */ = {isa = PBXFileReference; lastKnownFileType = archive.ar; name = "libpjnath-arm64-apple-darwin_ios.a"; path = "../../Documents/src/pjproject-2.9/pjnath/lib/libpjnath-arm64-apple-darwin_ios.a"; sourceTree = "<group>"; };
		CE03ABD722C82D0C009B9CB3 /* libpjsua2-arm64-apple-darwin_ios.a */ = {isa = PBXFileReference; lastKnownFileType = archive.ar; name = "libpjsua2-arm64-apple-darwin_ios.a"; path = "../../Documents/src/pjproject-2.9/pjsip/lib/libpjsua2-arm64-apple-darwin_ios.a"; sourceTree = "<group>"; };
		CE03ABD822C82D0C009B9CB3 /* libpjsip-arm64-apple-darwin_ios.a */ = {isa = PBXFileReference; lastKnownFileType = archive.ar; name = "libpjsip-arm64-apple-darwin_ios.a"; path = "../../Documents/src/pjproject-2.9/pjsip/lib/libpjsip-arm64-apple-darwin_ios.a"; sourceTree = "<group>"; };
		CE03ABD922C82D0C009B9CB3 /* libpjsip-ua-arm64-apple-darwin_ios.a */ = {isa = PBXFileReference; lastKnownFileType = archive.ar; name = "libpjsip-ua-arm64-apple-darwin_ios.a"; path = "../../Documents/src/pjproject-2.9/pjsip/lib/libpjsip-ua-arm64-apple-darwin_ios.a"; sourceTree = "<group>"; };
		CE03ABDA22C82D0C009B9CB3 /* libpjsua-arm64-apple-darwin_ios.a */ = {isa = PBXFileReference; lastKnownFileType = archive.ar; name = "libpjsua-arm64-apple-darwin_ios.a"; path = "../../Documents/src/pjproject-2.9/pjsip/lib/libpjsua-arm64-apple-darwin_ios.a"; sourceTree = "<group>"; };
		CE03ABDB22C82D0D009B9CB3 /* libpjsip-simple-arm64-apple-darwin_ios.a */ = {isa = PBXFileReference; lastKnownFileType = archive.ar; name = "libpjsip-simple-arm64-apple-darwin_ios.a"; path = "../../Documents/src/pjproject-2.9/pjsip/lib/libpjsip-simple-arm64-apple-darwin_ios.a"; sourceTree = "<group>"; };
		CE03ABE122C82FC8009B9CB3 /* libpj-x86_64-apple-darwin_ios.a */ = {isa = PBXFileReference; lastKnownFileType = archive.ar; name = "libpj-x86_64-apple-darwin_ios.a"; path = "../../Documents/src/pjproject-2.9/pjlib/lib/libpj-x86_64-apple-darwin_ios.a"; sourceTree = "<group>"; };
		CE03ABE322C82FDF009B9CB3 /* libpjlib-util-x86_64-apple-darwin_ios.a */ = {isa = PBXFileReference; lastKnownFileType = archive.ar; name = "libpjlib-util-x86_64-apple-darwin_ios.a"; path = "../../Documents/src/pjproject-2.9/pjlib-util/lib/libpjlib-util-x86_64-apple-darwin_ios.a"; sourceTree = "<group>"; };
		CE03ABEF22C82FF7009B9CB3 /* libpjmedia-videodev-x86_64-apple-darwin_ios.a */ = {isa = PBXFileReference; lastKnownFileType = archive.ar; name = "libpjmedia-videodev-x86_64-apple-darwin_ios.a"; path = "../../Documents/src/pjproject-2.9/pjmedia/lib/libpjmedia-videodev-x86_64-apple-darwin_ios.a"; sourceTree = "<group>"; };
		CE03ABF022C82FF7009B9CB3 /* libpjsdp-x86_64-apple-darwin_ios.a */ = {isa = PBXFileReference; lastKnownFileType = archive.ar; name = "libpjsdp-x86_64-apple-darwin_ios.a"; path = "../../Documents/src/pjproject-2.9/pjmedia/lib/libpjsdp-x86_64-apple-darwin_ios.a"; sourceTree = "<group>"; };
		CE03ABF122C82FF7009B9CB3 /* libpjmedia-x86_64-apple-darwin_ios.a */ = {isa = PBXFileReference; lastKnownFileType = archive.ar; name = "libpjmedia-x86_64-apple-darwin_ios.a"; path = "../../Documents/src/pjproject-2.9/pjmedia/lib/libpjmedia-x86_64-apple-darwin_ios.a"; sourceTree = "<group>"; };
		CE03ABF222C82FF7009B9CB3 /* libpjmedia-audiodev-x86_64-apple-darwin_ios.a */ = {isa = PBXFileReference; lastKnownFileType = archive.ar; name = "libpjmedia-audiodev-x86_64-apple-darwin_ios.a"; path = "../../Documents/src/pjproject-2.9/pjmedia/lib/libpjmedia-audiodev-x86_64-apple-darwin_ios.a"; sourceTree = "<group>"; };
		CE03ABF322C82FF7009B9CB3 /* libpjmedia-codec-x86_64-apple-darwin_ios.a */ = {isa = PBXFileReference; lastKnownFileType = archive.ar; name = "libpjmedia-codec-x86_64-apple-darwin_ios.a"; path = "../../Documents/src/pjproject-2.9/pjmedia/lib/libpjmedia-codec-x86_64-apple-darwin_ios.a"; sourceTree = "<group>"; };
		CE03ABF922C8300E009B9CB3 /* libpjnath-x86_64-apple-darwin_ios.a */ = {isa = PBXFileReference; lastKnownFileType = archive.ar; name = "libpjnath-x86_64-apple-darwin_ios.a"; path = "../../Documents/src/pjproject-2.9/pjnath/lib/libpjnath-x86_64-apple-darwin_ios.a"; sourceTree = "<group>"; };
		CE03AC0522C8302B009B9CB3 /* libpjsip-ua-x86_64-apple-darwin_ios.a */ = {isa = PBXFileReference; lastKnownFileType = archive.ar; name = "libpjsip-ua-x86_64-apple-darwin_ios.a"; path = "../../Documents/src/pjproject-2.9/pjsip/lib/libpjsip-ua-x86_64-apple-darwin_ios.a"; sourceTree = "<group>"; };
		CE03AC0622C8302B009B9CB3 /* libpjsip-x86_64-apple-darwin_ios.a */ = {isa = PBXFileReference; lastKnownFileType = archive.ar; name = "libpjsip-x86_64-apple-darwin_ios.a"; path = "../../Documents/src/pjproject-2.9/pjsip/lib/libpjsip-x86_64-apple-darwin_ios.a"; sourceTree = "<group>"; };
		CE03AC0722C8302B009B9CB3 /* libpjsua2-x86_64-apple-darwin_ios.a */ = {isa = PBXFileReference; lastKnownFileType = archive.ar; name = "libpjsua2-x86_64-apple-darwin_ios.a"; path = "../../Documents/src/pjproject-2.9/pjsip/lib/libpjsua2-x86_64-apple-darwin_ios.a"; sourceTree = "<group>"; };
		CE03AC0822C8302B009B9CB3 /* libpjsip-simple-x86_64-apple-darwin_ios.a */ = {isa = PBXFileReference; lastKnownFileType = archive.ar; name = "libpjsip-simple-x86_64-apple-darwin_ios.a"; path = "../../Documents/src/pjproject-2.9/pjsip/lib/libpjsip-simple-x86_64-apple-darwin_ios.a"; sourceTree = "<group>"; };
		CE03AC0922C8302B009B9CB3 /* libpjsua-x86_64-apple-darwin_ios.a */ = {isa = PBXFileReference; lastKnownFileType = archive.ar; name = "libpjsua-x86_64-apple-darwin_ios.a"; path = "../../Documents/src/pjproject-2.9/pjsip/lib/libpjsua-x86_64-apple-darwin_ios.a"; sourceTree = "<group>"; };
		CE03AC0F22C830DE009B9CB3 /* libgsmcodec-x86_64-apple-darwin_ios.a */ = {isa = PBXFileReference; lastKnownFileType = archive.ar; name = "libgsmcodec-x86_64-apple-darwin_ios.a"; path = "../../Documents/src/pjproject-2.9/third_party/lib/libgsmcodec-x86_64-apple-darwin_ios.a"; sourceTree = "<group>"; };
		CE03AC1022C830DF009B9CB3 /* libyuv-x86_64-apple-darwin_ios.a */ = {isa = PBXFileReference; lastKnownFileType = archive.ar; name = "libyuv-x86_64-apple-darwin_ios.a"; path = "../../Documents/src/pjproject-2.9/third_party/lib/libyuv-x86_64-apple-darwin_ios.a"; sourceTree = "<group>"; };
		CE03AC1122C830DF009B9CB3 /* libwebrtc-x86_64-apple-darwin_ios.a */ = {isa = PBXFileReference; lastKnownFileType = archive.ar; name = "libwebrtc-x86_64-apple-darwin_ios.a"; path = "../../Documents/src/pjproject-2.9/third_party/lib/libwebrtc-x86_64-apple-darwin_ios.a"; sourceTree = "<group>"; };
		CE03AC1222C830DF009B9CB3 /* libgsmcodec-armv7-apple-darwin_ios.a */ = {isa = PBXFileReference; lastKnownFileType = archive.ar; name = "libgsmcodec-armv7-apple-darwin_ios.a"; path = "../../Documents/src/pjproject-2.9/third_party/lib/libgsmcodec-armv7-apple-darwin_ios.a"; sourceTree = "<group>"; };
		CE03AC1322C830DF009B9CB3 /* libsrtp-arm64-apple-darwin_ios.a */ = {isa = PBXFileReference; lastKnownFileType = archive.ar; name = "libsrtp-arm64-apple-darwin_ios.a"; path = "../../Documents/src/pjproject-2.9/third_party/lib/libsrtp-arm64-apple-darwin_ios.a"; sourceTree = "<group>"; };
		CE03AC1422C830DF009B9CB3 /* libspeex-x86_64-apple-darwin_ios.a */ = {isa = PBXFileReference; lastKnownFileType = archive.ar; name = "libspeex-x86_64-apple-darwin_ios.a"; path = "../../Documents/src/pjproject-2.9/third_party/lib/libspeex-x86_64-apple-darwin_ios.a"; sourceTree = "<group>"; };
		CE03AC1522C830DF009B9CB3 /* libsrtp-x86_64-apple-darwin_ios.a */ = {isa = PBXFileReference; lastKnownFileType = archive.ar; name = "libsrtp-x86_64-apple-darwin_ios.a"; path = "../../Documents/src/pjproject-2.9/third_party/lib/libsrtp-x86_64-apple-darwin_ios.a"; sourceTree = "<group>"; };
		CE03AC1622C830DF009B9CB3 /* libwebrtc-armv7-apple-darwin_ios.a */ = {isa = PBXFileReference; lastKnownFileType = archive.ar; name = "libwebrtc-armv7-apple-darwin_ios.a"; path = "../../Documents/src/pjproject-2.9/third_party/lib/libwebrtc-armv7-apple-darwin_ios.a"; sourceTree = "<group>"; };
		CE03AC1722C830DF009B9CB3 /* libyuv-armv7-apple-darwin_ios.a */ = {isa = PBXFileReference; lastKnownFileType = archive.ar; name = "libyuv-armv7-apple-darwin_ios.a"; path = "../../Documents/src/pjproject-2.9/third_party/lib/libyuv-armv7-apple-darwin_ios.a"; sourceTree = "<group>"; };
		CE03AC1822C830DF009B9CB3 /* libresample-armv7-apple-darwin_ios.a */ = {isa = PBXFileReference; lastKnownFileType = archive.ar; name = "libresample-armv7-apple-darwin_ios.a"; path = "../../Documents/src/pjproject-2.9/third_party/lib/libresample-armv7-apple-darwin_ios.a"; sourceTree = "<group>"; };
		CE03AC1922C830DF009B9CB3 /* libg7221codec-armv7-apple-darwin_ios.a */ = {isa = PBXFileReference; lastKnownFileType = archive.ar; name = "libg7221codec-armv7-apple-darwin_ios.a"; path = "../../Documents/src/pjproject-2.9/third_party/lib/libg7221codec-armv7-apple-darwin_ios.a"; sourceTree = "<group>"; };
		CE03AC1A22C830DF009B9CB3 /* libspeex-arm64-apple-darwin_ios.a */ = {isa = PBXFileReference; lastKnownFileType = archive.ar; name = "libspeex-arm64-apple-darwin_ios.a"; path = "../../Documents/src/pjproject-2.9/third_party/lib/libspeex-arm64-apple-darwin_ios.a"; sourceTree = "<group>"; };
		CE03AC1B22C830DF009B9CB3 /* libilbccodec-x86_64-apple-darwin_ios.a */ = {isa = PBXFileReference; lastKnownFileType = archive.ar; name = "libilbccodec-x86_64-apple-darwin_ios.a"; path = "../../Documents/src/pjproject-2.9/third_party/lib/libilbccodec-x86_64-apple-darwin_ios.a"; sourceTree = "<group>"; };
		CE03AC1C22C830DF009B9CB3 /* libresample-x86_64-apple-darwin_ios.a */ = {isa = PBXFileReference; lastKnownFileType = archive.ar; name = "libresample-x86_64-apple-darwin_ios.a"; path = "../../Documents/src/pjproject-2.9/third_party/lib/libresample-x86_64-apple-darwin_ios.a"; sourceTree = "<group>"; };
		CE03AC1D22C830DF009B9CB3 /* libspeex-armv7-apple-darwin_ios.a */ = {isa = PBXFileReference; lastKnownFileType = archive.ar; name = "libspeex-armv7-apple-darwin_ios.a"; path = "../../Documents/src/pjproject-2.9/third_party/lib/libspeex-armv7-apple-darwin_ios.a"; sourceTree = "<group>"; };
		CE03AC1E22C830DF009B9CB3 /* libwebrtc-arm64-apple-darwin_ios.a */ = {isa = PBXFileReference; lastKnownFileType = archive.ar; name = "libwebrtc-arm64-apple-darwin_ios.a"; path = "../../Documents/src/pjproject-2.9/third_party/lib/libwebrtc-arm64-apple-darwin_ios.a"; sourceTree = "<group>"; };
		CE03AC1F22C830DF009B9CB3 /* libsrtp-armv7-apple-darwin_ios.a */ = {isa = PBXFileReference; lastKnownFileType = archive.ar; name = "libsrtp-armv7-apple-darwin_ios.a"; path = "../../Documents/src/pjproject-2.9/third_party/lib/libsrtp-armv7-apple-darwin_ios.a"; sourceTree = "<group>"; };
		CE03AC2022C830DF009B9CB3 /* libresample-arm64-apple-darwin_ios.a */ = {isa = PBXFileReference; lastKnownFileType = archive.ar; name = "libresample-arm64-apple-darwin_ios.a"; path = "../../Documents/src/pjproject-2.9/third_party/lib/libresample-arm64-apple-darwin_ios.a"; sourceTree = "<group>"; };
		CE03AC2122C830DF009B9CB3 /* libgsmcodec-arm64-apple-darwin_ios.a */ = {isa = PBXFileReference; lastKnownFileType = archive.ar; name = "libgsmcodec-arm64-apple-darwin_ios.a"; path = "../../Documents/src/pjproject-2.9/third_party/lib/libgsmcodec-arm64-apple-darwin_ios.a"; sourceTree = "<group>"; };
		CE03AC2222C830DF009B9CB3 /* libilbccodec-arm64-apple-darwin_ios.a */ = {isa = PBXFileReference; lastKnownFileType = archive.ar; name = "libilbccodec-arm64-apple-darwin_ios.a"; path = "../../Documents/src/pjproject-2.9/third_party/lib/libilbccodec-arm64-apple-darwin_ios.a"; sourceTree = "<group>"; };
		CE03AC2322C830DF009B9CB3 /* libg7221codec-arm64-apple-darwin_ios.a */ = {isa = PBXFileReference; lastKnownFileType = archive.ar; name = "libg7221codec-arm64-apple-darwin_ios.a"; path = "../../Documents/src/pjproject-2.9/third_party/lib/libg7221codec-arm64-apple-darwin_ios.a"; sourceTree = "<group>"; };
		CE03AC2422C830DF009B9CB3 /* libg7221codec-x86_64-apple-darwin_ios.a */ = {isa = PBXFileReference; lastKnownFileType = archive.ar; name = "libg7221codec-x86_64-apple-darwin_ios.a"; path = "../../Documents/src/pjproject-2.9/third_party/lib/libg7221codec-x86_64-apple-darwin_ios.a"; sourceTree = "<group>"; };
		CE03AC2522C830DF009B9CB3 /* libilbccodec-armv7-apple-darwin_ios.a */ = {isa = PBXFileReference; lastKnownFileType = archive.ar; name = "libilbccodec-armv7-apple-darwin_ios.a"; path = "../../Documents/src/pjproject-2.9/third_party/lib/libilbccodec-armv7-apple-darwin_ios.a"; sourceTree = "<group>"; };
		CE03AC2622C830DF009B9CB3 /* libyuv-arm64-apple-darwin_ios.a */ = {isa = PBXFileReference; lastKnownFileType = archive.ar; name = "libyuv-arm64-apple-darwin_ios.a"; path = "../../Documents/src/pjproject-2.9/third_party/lib/libyuv-arm64-apple-darwin_ios.a"; sourceTree = "<group>"; };
		CE03AC3F22C831C8009B9CB3 /* CFNetwork.framework */ = {isa = PBXFileReference; lastKnownFileType = wrapper.framework; name = CFNetwork.framework; path = System/Library/Frameworks/CFNetwork.framework; sourceTree = SDKROOT; };
		CE03AC4022C831C8009B9CB3 /* CoreAudio.framework */ = {isa = PBXFileReference; lastKnownFileType = wrapper.framework; name = CoreAudio.framework; path = System/Library/Frameworks/CoreAudio.framework; sourceTree = SDKROOT; };
		CE03AC4122C831C8009B9CB3 /* AVFoundation.framework */ = {isa = PBXFileReference; lastKnownFileType = wrapper.framework; name = AVFoundation.framework; path = System/Library/Frameworks/AVFoundation.framework; sourceTree = SDKROOT; };
		CE03AC4222C831C8009B9CB3 /* CoreVideo.framework */ = {isa = PBXFileReference; lastKnownFileType = wrapper.framework; name = CoreVideo.framework; path = System/Library/Frameworks/CoreVideo.framework; sourceTree = SDKROOT; };
		CE03AC4322C831C8009B9CB3 /* VideoToolbox.framework */ = {isa = PBXFileReference; lastKnownFileType = wrapper.framework; name = VideoToolbox.framework; path = System/Library/Frameworks/VideoToolbox.framework; sourceTree = SDKROOT; };
		CE03AC4422C831C8009B9CB3 /* AudioToolbox.framework */ = {isa = PBXFileReference; lastKnownFileType = wrapper.framework; name = AudioToolbox.framework; path = System/Library/Frameworks/AudioToolbox.framework; sourceTree = SDKROOT; };
		CE03AC4B22C84314009B9CB3 /* demo.h */ = {isa = PBXFileReference; lastKnownFileType = sourcecode.c.h; path = demo.h; sourceTree = "<group>"; };
		CE03AC4C22C84314009B9CB3 /* demo.c */ = {isa = PBXFileReference; lastKnownFileType = sourcecode.c.c; path = demo.c; sourceTree = "<group>"; };
/* End PBXFileReference section */

/* Begin PBXFrameworksBuildPhase section */
		CE03AB8522C82393009B9CB3 /* Frameworks */ = {
			isa = PBXFrameworksBuildPhase;
			buildActionMask = 2147483647;
			files = (
				94F3595F22C9F7BD00437397 /* libpjlib-util-arm64-apple-darwin_ios.a in Frameworks */,
				94F3596022C9F7BD00437397 /* libgsmcodec-arm64-apple-darwin_ios.a in Frameworks */,
				94F3596122C9F7BD00437397 /* libpjsdp-x86_64-apple-darwin_ios.a in Frameworks */,
				94F3596222C9F7BD00437397 /* libpjsua2-arm64-apple-darwin_ios.a in Frameworks */,
				94F3596322C9F7BD00437397 /* libpjmedia-codec-arm64-apple-darwin_ios.a in Frameworks */,
				94F3596422C9F7BD00437397 /* libyuv-arm64-apple-darwin_ios.a in Frameworks */,
				94F3596522C9F7BD00437397 /* libilbccodec-arm64-apple-darwin_ios.a in Frameworks */,
				94F3596622C9F7BD00437397 /* libpjnath-arm64-apple-darwin_ios.a in Frameworks */,
				94F3596722C9F7BD00437397 /* libpjsdp-armv7-apple-darwin_ios.a in Frameworks */,
				94F3596822C9F7BD00437397 /* libpjmedia-audiodev-arm64-apple-darwin_ios.a in Frameworks */,
				94F3596922C9F7BD00437397 /* libpjmedia-videodev-arm64-apple-darwin_ios.a in Frameworks */,
				94F3596A22C9F7BD00437397 /* libpjsip-ua-arm64-apple-darwin_ios.a in Frameworks */,
				94F3596B22C9F7BD00437397 /* libpjsdp-armv7s-apple-darwin_ios.a in Frameworks */,
				94F3596C22C9F7BD00437397 /* libpj-arm64-apple-darwin_ios.a in Frameworks */,
				94F3596D22C9F7BD00437397 /* libg7221codec-arm64-apple-darwin_ios.a in Frameworks */,
				94F3596E22C9F7BD00437397 /* libpjsdp-i386-apple-darwin_ios.a in Frameworks */,
				94F3596F22C9F7BD00437397 /* libwebrtc-arm64-apple-darwin_ios.a in Frameworks */,
				94F3597022C9F7BD00437397 /* libsrtp-arm64-apple-darwin_ios.a in Frameworks */,
				94F3597122C9F7BD00437397 /* libpjsdp-arm64-apple-darwin_ios.a in Frameworks */,
				94F3597222C9F7BE00437397 /* libpjsua-arm64-apple-darwin_ios.a in Frameworks */,
				94F3597322C9F7BE00437397 /* libpjsip-simple-arm64-apple-darwin_ios.a in Frameworks */,
				94F3597422C9F7BE00437397 /* libresample-arm64-apple-darwin_ios.a in Frameworks */,
				94F3597522C9F7BE00437397 /* libspeex-arm64-apple-darwin_ios.a in Frameworks */,
				94F3597622C9F7BE00437397 /* libpjsip-arm64-apple-darwin_ios.a in Frameworks */,
				94F3597722C9F7BE00437397 /* libpjmedia-arm64-apple-darwin_ios.a in Frameworks */,
				CE03AC4522C831C8009B9CB3 /* CFNetwork.framework in Frameworks */,
				CE03AC4622C831C8009B9CB3 /* CoreAudio.framework in Frameworks */,
				CE03AC4722C831C8009B9CB3 /* AVFoundation.framework in Frameworks */,
				CE03AC4822C831C8009B9CB3 /* CoreVideo.framework in Frameworks */,
				CE03AC4922C831C8009B9CB3 /* VideoToolbox.framework in Frameworks */,
				CE03AC4A22C831C8009B9CB3 /* AudioToolbox.framework in Frameworks */,
			);
			runOnlyForDeploymentPostprocessing = 0;
		};
/* End PBXFrameworksBuildPhase section */

/* Begin PBXGroup section */
		CE03AB7F22C82393009B9CB3 = {
			isa = PBXGroup;
			children = (
				CE03AB8A22C82393009B9CB3 /* Hello */,
				CE03AB8922C82393009B9CB3 /* Products */,
				CE03ABA122C82960009B9CB3 /* Frameworks */,
			);
			sourceTree = "<group>";
		};
		CE03AB8922C82393009B9CB3 /* Products */ = {
			isa = PBXGroup;
			children = (
				CE03AB8822C82393009B9CB3 /* Hello.app */,
			);
			name = Products;
			sourceTree = "<group>";
		};
		CE03AB8A22C82393009B9CB3 /* Hello */ = {
			isa = PBXGroup;
			children = (
				CE03AB8B22C82393009B9CB3 /* AppDelegate.h */,
				CE03AB8C22C82393009B9CB3 /* AppDelegate.m */,
				CE03AB8E22C82393009B9CB3 /* ViewController.h */,
				CE03AB8F22C82393009B9CB3 /* ViewController.m */,
				CE03AB9122C82393009B9CB3 /* Main.storyboard */,
				CE03AB9422C82394009B9CB3 /* Assets.xcassets */,
				CE03AB9622C82394009B9CB3 /* LaunchScreen.storyboard */,
				CE03AB9922C82394009B9CB3 /* Info.plist */,
				CE03AB9A22C82394009B9CB3 /* main.m */,
				CE03AC4B22C84314009B9CB3 /* demo.h */,
				CE03AC4C22C84314009B9CB3 /* demo.c */,
			);
			path = Hello;
			sourceTree = "<group>";
		};
		CE03ABA122C82960009B9CB3 /* Frameworks */ = {
			isa = PBXGroup;
			children = (
				94F3595422C9F7BD00437397 /* libg7221codec-arm64-apple-darwin_ios.a */,
				94F3594722C9F7BC00437397 /* libgsmcodec-arm64-apple-darwin_ios.a */,
				94F3594C22C9F7BD00437397 /* libilbccodec-arm64-apple-darwin_ios.a */,
				94F3595322C9F7BD00437397 /* libpj-arm64-apple-darwin_ios.a */,
				94F3594622C9F7BC00437397 /* libpjlib-util-arm64-apple-darwin_ios.a */,
				94F3595E22C9F7BD00437397 /* libpjmedia-arm64-apple-darwin_ios.a */,
				94F3594F22C9F7BD00437397 /* libpjmedia-audiodev-arm64-apple-darwin_ios.a */,
				94F3594A22C9F7BC00437397 /* libpjmedia-codec-arm64-apple-darwin_ios.a */,
				94F3595022C9F7BD00437397 /* libpjmedia-videodev-arm64-apple-darwin_ios.a */,
				94F3594D22C9F7BD00437397 /* libpjnath-arm64-apple-darwin_ios.a */,
				94F3595822C9F7BD00437397 /* libpjsdp-arm64-apple-darwin_ios.a */,
				94F3594E22C9F7BD00437397 /* libpjsdp-armv7-apple-darwin_ios.a */,
				94F3595222C9F7BD00437397 /* libpjsdp-armv7s-apple-darwin_ios.a */,
				94F3595522C9F7BD00437397 /* libpjsdp-i386-apple-darwin_ios.a */,
				94F3594822C9F7BC00437397 /* libpjsdp-x86_64-apple-darwin_ios.a */,
				94F3595D22C9F7BD00437397 /* libpjsip-arm64-apple-darwin_ios.a */,
				94F3595A22C9F7BD00437397 /* libpjsip-simple-arm64-apple-darwin_ios.a */,
				94F3595122C9F7BD00437397 /* libpjsip-ua-arm64-apple-darwin_ios.a */,
				94F3595922C9F7BD00437397 /* libpjsua-arm64-apple-darwin_ios.a */,
				94F3594922C9F7BC00437397 /* libpjsua2-arm64-apple-darwin_ios.a */,
				94F3595B22C9F7BD00437397 /* libresample-arm64-apple-darwin_ios.a */,
				94F3595C22C9F7BD00437397 /* libspeex-arm64-apple-darwin_ios.a */,
				94F3595722C9F7BD00437397 /* libsrtp-arm64-apple-darwin_ios.a */,
				94F3595622C9F7BD00437397 /* libwebrtc-arm64-apple-darwin_ios.a */,
				94F3594B22C9F7BC00437397 /* libyuv-arm64-apple-darwin_ios.a */,
				94F3592E22C9F65400437397 /* libg7221codec.a */,
				94F3592622C9F65400437397 /* libgsmcodec.a */,
				94F3591B22C9F65400437397 /* libilbccodec.a */,
				94F3592222C9F65400437397 /* libpj.a */,
				94F3592C22C9F65400437397 /* libpjlib.a */,
				94F3592722C9F65400437397 /* libpjmedia-audiodev.a */,
				94F3591D22C9F65400437397 /* libpjmedia-codec.a */,
				94F3592B22C9F65400437397 /* libpjmedia-videodev.a */,
				94F3592522C9F65400437397 /* libpjmedia.a */,
				94F3592A22C9F65400437397 /* libpjnath.a */,
				94F3592422C9F65400437397 /* libpjsdp.a */,
				94F3592F22C9F65400437397 /* libpjsip-simple.a */,
				94F3592D22C9F65400437397 /* libpjsip-ua.a */,
				94F3592022C9F65400437397 /* libpjsip.a */,
				94F3591C22C9F65400437397 /* libpjsua.a */,
				94F3591E22C9F65400437397 /* libpjsua2.a */,
				94F3592822C9F65400437397 /* libresample.a */,
				94F3592122C9F65400437397 /* libspeex.a */,
				94F3592322C9F65400437397 /* libsrtp.a */,
				94F3591F22C9F65400437397 /* libwebrtc.a */,
				94F3592922C9F65400437397 /* libyuv.a */,
				94F3591922C9CD8100437397 /* libpj-arm64-apple-darwin_ios.a */,
				942CF16922C9ADB800A38BF6 /* libg7221codec-armv7-apple-darwin_ios.a */,
				942CF16B22C9ADB800A38BF6 /* libgsmcodec-armv7-apple-darwin_ios.a */,
				942CF16822C9ADB800A38BF6 /* libilbccodec-armv7-apple-darwin_ios.a */,
				942CF16F22C9ADB800A38BF6 /* libresample-armv7-apple-darwin_ios.a */,
				942CF16A22C9ADB800A38BF6 /* libspeex-armv7-apple-darwin_ios.a */,
				942CF16C22C9ADB800A38BF6 /* libsrtp-armv7-apple-darwin_ios.a */,
				942CF16D22C9ADB800A38BF6 /* libwebrtc-armv7-apple-darwin_ios.a */,
				942CF16E22C9ADB800A38BF6 /* libyuv-armv7-apple-darwin_ios.a */,
				942CF15F22C9ADA700A38BF6 /* libpjsip-armv7-apple-darwin_ios.a */,
				942CF16222C9ADA800A38BF6 /* libpjsip-simple-armv7-apple-darwin_ios.a */,
				942CF15E22C9ADA700A38BF6 /* libpjsip-ua-armv7-apple-darwin_ios.a */,
				942CF16022C9ADA800A38BF6 /* libpjsua-armv7-apple-darwin_ios.a */,
				942CF16122C9ADA800A38BF6 /* libpjsua2-armv7-apple-darwin_ios.a */,
				942CF15C22C9AD9500A38BF6 /* libpjnath-armv7-apple-darwin_ios.a */,
				942CF15522C9AD8100A38BF6 /* libpjmedia-armv7-apple-darwin_ios.a */,
				942CF15622C9AD8100A38BF6 /* libpjmedia-audiodev-armv7-apple-darwin_ios.a */,
				942CF15422C9AD8100A38BF6 /* libpjmedia-codec-armv7-apple-darwin_ios.a */,
				942CF15222C9AD8000A38BF6 /* libpjmedia-videodev-armv7-apple-darwin_ios.a */,
				942CF15322C9AD8100A38BF6 /* libpjsdp-armv7-apple-darwin_ios.a */,
				942CF15022C9AD6E00A38BF6 /* libpjlib-util-armv7-apple-darwin_ios.a */,
				942CF14E22C9AD5B00A38BF6 /* libpj-armv7-apple-darwin_ios.a */,
				CE03AC4422C831C8009B9CB3 /* AudioToolbox.framework */,
				CE03AC4122C831C8009B9CB3 /* AVFoundation.framework */,
				CE03AC3F22C831C8009B9CB3 /* CFNetwork.framework */,
				CE03AC4022C831C8009B9CB3 /* CoreAudio.framework */,
				CE03AC4222C831C8009B9CB3 /* CoreVideo.framework */,
				CE03AC4322C831C8009B9CB3 /* VideoToolbox.framework */,
				CE03AC2322C830DF009B9CB3 /* libg7221codec-arm64-apple-darwin_ios.a */,
				CE03AC1922C830DF009B9CB3 /* libg7221codec-armv7-apple-darwin_ios.a */,
				CE03AC2422C830DF009B9CB3 /* libg7221codec-x86_64-apple-darwin_ios.a */,
				CE03AC2122C830DF009B9CB3 /* libgsmcodec-arm64-apple-darwin_ios.a */,
				CE03AC1222C830DF009B9CB3 /* libgsmcodec-armv7-apple-darwin_ios.a */,
				CE03AC0F22C830DE009B9CB3 /* libgsmcodec-x86_64-apple-darwin_ios.a */,
				CE03AC2222C830DF009B9CB3 /* libilbccodec-arm64-apple-darwin_ios.a */,
				CE03AC2522C830DF009B9CB3 /* libilbccodec-armv7-apple-darwin_ios.a */,
				CE03AC1B22C830DF009B9CB3 /* libilbccodec-x86_64-apple-darwin_ios.a */,
				CE03AC2022C830DF009B9CB3 /* libresample-arm64-apple-darwin_ios.a */,
				CE03AC1822C830DF009B9CB3 /* libresample-armv7-apple-darwin_ios.a */,
				CE03AC1C22C830DF009B9CB3 /* libresample-x86_64-apple-darwin_ios.a */,
				CE03AC1A22C830DF009B9CB3 /* libspeex-arm64-apple-darwin_ios.a */,
				CE03AC1D22C830DF009B9CB3 /* libspeex-armv7-apple-darwin_ios.a */,
				CE03AC1422C830DF009B9CB3 /* libspeex-x86_64-apple-darwin_ios.a */,
				CE03AC1322C830DF009B9CB3 /* libsrtp-arm64-apple-darwin_ios.a */,
				CE03AC1F22C830DF009B9CB3 /* libsrtp-armv7-apple-darwin_ios.a */,
				CE03AC1522C830DF009B9CB3 /* libsrtp-x86_64-apple-darwin_ios.a */,
				CE03AC1E22C830DF009B9CB3 /* libwebrtc-arm64-apple-darwin_ios.a */,
				CE03AC1622C830DF009B9CB3 /* libwebrtc-armv7-apple-darwin_ios.a */,
				CE03AC1122C830DF009B9CB3 /* libwebrtc-x86_64-apple-darwin_ios.a */,
				CE03AC2622C830DF009B9CB3 /* libyuv-arm64-apple-darwin_ios.a */,
				CE03AC1722C830DF009B9CB3 /* libyuv-armv7-apple-darwin_ios.a */,
				CE03AC1022C830DF009B9CB3 /* libyuv-x86_64-apple-darwin_ios.a */,
				CE03AC0822C8302B009B9CB3 /* libpjsip-simple-x86_64-apple-darwin_ios.a */,
				CE03AC0522C8302B009B9CB3 /* libpjsip-ua-x86_64-apple-darwin_ios.a */,
				CE03AC0622C8302B009B9CB3 /* libpjsip-x86_64-apple-darwin_ios.a */,
				CE03AC0922C8302B009B9CB3 /* libpjsua-x86_64-apple-darwin_ios.a */,
				CE03AC0722C8302B009B9CB3 /* libpjsua2-x86_64-apple-darwin_ios.a */,
				CE03ABF922C8300E009B9CB3 /* libpjnath-x86_64-apple-darwin_ios.a */,
				CE03ABF222C82FF7009B9CB3 /* libpjmedia-audiodev-x86_64-apple-darwin_ios.a */,
				CE03ABF322C82FF7009B9CB3 /* libpjmedia-codec-x86_64-apple-darwin_ios.a */,
				CE03ABEF22C82FF7009B9CB3 /* libpjmedia-videodev-x86_64-apple-darwin_ios.a */,
				CE03ABF122C82FF7009B9CB3 /* libpjmedia-x86_64-apple-darwin_ios.a */,
				CE03ABF022C82FF7009B9CB3 /* libpjsdp-x86_64-apple-darwin_ios.a */,
				CE03ABE322C82FDF009B9CB3 /* libpjlib-util-x86_64-apple-darwin_ios.a */,
				CE03ABE122C82FC8009B9CB3 /* libpj-x86_64-apple-darwin_ios.a */,
				CE03ABD822C82D0C009B9CB3 /* libpjsip-arm64-apple-darwin_ios.a */,
				CE03ABDB22C82D0D009B9CB3 /* libpjsip-simple-arm64-apple-darwin_ios.a */,
				CE03ABD922C82D0C009B9CB3 /* libpjsip-ua-arm64-apple-darwin_ios.a */,
				CE03ABDA22C82D0C009B9CB3 /* libpjsua-arm64-apple-darwin_ios.a */,
				CE03ABD722C82D0C009B9CB3 /* libpjsua2-arm64-apple-darwin_ios.a */,
				CE03ABD022C82CF9009B9CB3 /* libpjnath-arm64-apple-darwin_ios.a */,
				CE03ABC522C82CE4009B9CB3 /* libpjmedia-arm64-apple-darwin_ios.a */,
				CE03ABC622C82CE4009B9CB3 /* libpjmedia-audiodev-arm64-apple-darwin_ios.a */,
				CE03ABC922C82CE4009B9CB3 /* libpjmedia-codec-arm64-apple-darwin_ios.a */,
				CE03ABC722C82CE4009B9CB3 /* libpjmedia-videodev-arm64-apple-darwin_ios.a */,
				CE03ABC822C82CE4009B9CB3 /* libpjsdp-arm64-apple-darwin_ios.a */,
				CE03ABBE22C82CBD009B9CB3 /* libpjlib-util-arm64-apple-darwin_ios.a */,
				CE03ABBC22C82CA2009B9CB3 /* libpj-arm64-apple-darwin_ios.a */,
				CE03ABBA22C829E3009B9CB3 /* libpjnath-armv7-apple-darwin_ios.a */,
				CE03ABB322C829CE009B9CB3 /* libpjmedia-armv7-apple-darwin_ios.a */,
				CE03ABB022C829CE009B9CB3 /* libpjmedia-audiodev-armv7-apple-darwin_ios.a */,
				CE03ABB422C829CE009B9CB3 /* libpjmedia-codec-armv7-apple-darwin_ios.a */,
				CE03ABB122C829CE009B9CB3 /* libpjmedia-videodev-armv7-apple-darwin_ios.a */,
				CE03ABB222C829CE009B9CB3 /* libpjsdp-armv7-apple-darwin_ios.a */,
				CE03ABAE22C829B0009B9CB3 /* libpjlib-util-armv7-apple-darwin_ios.a */,
				CE03ABAC22C82995009B9CB3 /* libpj-armv7-apple-darwin_ios.a */,
				CE03ABA222C82961009B9CB3 /* libpjsip-armv7-apple-darwin_ios.a */,
				CE03ABA322C82961009B9CB3 /* libpjsip-simple-armv7-apple-darwin_ios.a */,
				CE03ABA522C82961009B9CB3 /* libpjsip-ua-armv7-apple-darwin_ios.a */,
				CE03ABA422C82961009B9CB3 /* libpjsua-armv7-apple-darwin_ios.a */,
				CE03ABA622C82961009B9CB3 /* libpjsua2-armv7-apple-darwin_ios.a */,
			);
			name = Frameworks;
			sourceTree = "<group>";
		};
/* End PBXGroup section */

/* Begin PBXNativeTarget section */
		CE03AB8722C82393009B9CB3 /* Hello */ = {
			isa = PBXNativeTarget;
			buildConfigurationList = CE03AB9E22C82394009B9CB3 /* Build configuration list for PBXNativeTarget "Hello" */;
			buildPhases = (
				CE03AB8422C82393009B9CB3 /* Sources */,
				CE03AB8522C82393009B9CB3 /* Frameworks */,
				CE03AB8622C82393009B9CB3 /* Resources */,
			);
			buildRules = (
			);
			dependencies = (
			);
			name = Hello;
			productName = Hello;
			productReference = CE03AB8822C82393009B9CB3 /* Hello.app */;
			productType = "com.apple.product-type.application";
		};
/* End PBXNativeTarget section */

/* Begin PBXProject section */
		CE03AB8022C82393009B9CB3 /* Project object */ = {
			isa = PBXProject;
			attributes = {
				LastUpgradeCheck = 1020;
				ORGANIZATIONNAME = bluefish;
				TargetAttributes = {
					CE03AB8722C82393009B9CB3 = {
						CreatedOnToolsVersion = 10.2.1;
						SystemCapabilities = {
							com.apple.BackgroundModes = {
								enabled = 1;
							};
						};
					};
				};
			};
			buildConfigurationList = CE03AB8322C82393009B9CB3 /* Build configuration list for PBXProject "Hello" */;
			compatibilityVersion = "Xcode 9.3";
			developmentRegion = en;
			hasScannedForEncodings = 0;
			knownRegions = (
				en,
				Base,
			);
			mainGroup = CE03AB7F22C82393009B9CB3;
			productRefGroup = CE03AB8922C82393009B9CB3 /* Products */;
			projectDirPath = "";
			projectRoot = "";
			targets = (
				CE03AB8722C82393009B9CB3 /* Hello */,
			);
		};
/* End PBXProject section */

/* Begin PBXResourcesBuildPhase section */
		CE03AB8622C82393009B9CB3 /* Resources */ = {
			isa = PBXResourcesBuildPhase;
			buildActionMask = 2147483647;
			files = (
				CE03AB9822C82394009B9CB3 /* LaunchScreen.storyboard in Resources */,
				CE03AB9522C82394009B9CB3 /* Assets.xcassets in Resources */,
				CE03AB9322C82393009B9CB3 /* Main.storyboard in Resources */,
			);
			runOnlyForDeploymentPostprocessing = 0;
		};
/* End PBXResourcesBuildPhase section */

/* Begin PBXSourcesBuildPhase section */
		CE03AB8422C82393009B9CB3 /* Sources */ = {
			isa = PBXSourcesBuildPhase;
			buildActionMask = 2147483647;
			files = (
				CE03AC4D22C84314009B9CB3 /* demo.c in Sources */,
				CE03AB9022C82393009B9CB3 /* ViewController.m in Sources */,
				CE03AB9B22C82394009B9CB3 /* main.m in Sources */,
				CE03AB8D22C82393009B9CB3 /* AppDelegate.m in Sources */,
			);
			runOnlyForDeploymentPostprocessing = 0;
		};
/* End PBXSourcesBuildPhase section */

/* Begin PBXVariantGroup section */
		CE03AB9122C82393009B9CB3 /* Main.storyboard */ = {
			isa = PBXVariantGroup;
			children = (
				CE03AB9222C82393009B9CB3 /* Base */,
			);
			name = Main.storyboard;
			sourceTree = "<group>";
		};
		CE03AB9622C82394009B9CB3 /* LaunchScreen.storyboard */ = {
			isa = PBXVariantGroup;
			children = (
				CE03AB9722C82394009B9CB3 /* Base */,
			);
			name = LaunchScreen.storyboard;
			sourceTree = "<group>";
		};
/* End PBXVariantGroup section */

/* Begin XCBuildConfiguration section */
		CE03AB9C22C82394009B9CB3 /* Debug */ = {
			isa = XCBuildConfiguration;
			buildSettings = {
				ALWAYS_SEARCH_USER_PATHS = NO;
				CLANG_ANALYZER_NONNULL = YES;
				CLANG_ANALYZER_NUMBER_OBJECT_CONVERSION = YES_AGGRESSIVE;
				CLANG_CXX_LANGUAGE_STANDARD = "gnu++14";
				CLANG_CXX_LIBRARY = "libc++";
				CLANG_ENABLE_MODULES = YES;
				CLANG_ENABLE_OBJC_ARC = YES;
				CLANG_ENABLE_OBJC_WEAK = YES;
				CLANG_WARN_BLOCK_CAPTURE_AUTORELEASING = YES;
				CLANG_WARN_BOOL_CONVERSION = YES;
				CLANG_WARN_COMMA = YES;
				CLANG_WARN_CONSTANT_CONVERSION = YES;
				CLANG_WARN_DEPRECATED_OBJC_IMPLEMENTATIONS = YES;
				CLANG_WARN_DIRECT_OBJC_ISA_USAGE = YES_ERROR;
				CLANG_WARN_DOCUMENTATION_COMMENTS = YES;
				CLANG_WARN_EMPTY_BODY = YES;
				CLANG_WARN_ENUM_CONVERSION = YES;
				CLANG_WARN_INFINITE_RECURSION = YES;
				CLANG_WARN_INT_CONVERSION = YES;
				CLANG_WARN_NON_LITERAL_NULL_CONVERSION = YES;
				CLANG_WARN_OBJC_IMPLICIT_RETAIN_SELF = YES;
				CLANG_WARN_OBJC_LITERAL_CONVERSION = YES;
				CLANG_WARN_OBJC_ROOT_CLASS = YES_ERROR;
				CLANG_WARN_RANGE_LOOP_ANALYSIS = YES;
				CLANG_WARN_STRICT_PROTOTYPES = YES;
				CLANG_WARN_SUSPICIOUS_MOVE = YES;
				CLANG_WARN_UNGUARDED_AVAILABILITY = YES_AGGRESSIVE;
				CLANG_WARN_UNREACHABLE_CODE = YES;
				CLANG_WARN__DUPLICATE_METHOD_MATCH = YES;
				CODE_SIGN_IDENTITY = "iPhone Developer";
				COPY_PHASE_STRIP = NO;
				DEBUG_INFORMATION_FORMAT = dwarf;
				ENABLE_STRICT_OBJC_MSGSEND = YES;
				ENABLE_TESTABILITY = YES;
				GCC_C_LANGUAGE_STANDARD = gnu11;
				GCC_DYNAMIC_NO_PIC = NO;
				GCC_NO_COMMON_BLOCKS = YES;
				GCC_OPTIMIZATION_LEVEL = 0;
				GCC_PREPROCESSOR_DEFINITIONS = (
					"DEBUG=1",
					"$(inherited)",
				);
				GCC_WARN_64_TO_32_BIT_CONVERSION = YES;
				GCC_WARN_ABOUT_RETURN_TYPE = YES_ERROR;
				GCC_WARN_UNDECLARED_SELECTOR = YES;
				GCC_WARN_UNINITIALIZED_AUTOS = YES_AGGRESSIVE;
				GCC_WARN_UNUSED_FUNCTION = YES;
				GCC_WARN_UNUSED_VARIABLE = YES;
				IPHONEOS_DEPLOYMENT_TARGET = 12.2;
				MTL_ENABLE_DEBUG_INFO = INCLUDE_SOURCE;
				MTL_FAST_MATH = YES;
				ONLY_ACTIVE_ARCH = YES;
				SDKROOT = iphoneos;
			};
			name = Debug;
		};
		CE03AB9D22C82394009B9CB3 /* Release */ = {
			isa = XCBuildConfiguration;
			buildSettings = {
				ALWAYS_SEARCH_USER_PATHS = NO;
				CLANG_ANALYZER_NONNULL = YES;
				CLANG_ANALYZER_NUMBER_OBJECT_CONVERSION = YES_AGGRESSIVE;
				CLANG_CXX_LANGUAGE_STANDARD = "gnu++14";
				CLANG_CXX_LIBRARY = "libc++";
				CLANG_ENABLE_MODULES = YES;
				CLANG_ENABLE_OBJC_ARC = YES;
				CLANG_ENABLE_OBJC_WEAK = YES;
				CLANG_WARN_BLOCK_CAPTURE_AUTORELEASING = YES;
				CLANG_WARN_BOOL_CONVERSION = YES;
				CLANG_WARN_COMMA = YES;
				CLANG_WARN_CONSTANT_CONVERSION = YES;
				CLANG_WARN_DEPRECATED_OBJC_IMPLEMENTATIONS = YES;
				CLANG_WARN_DIRECT_OBJC_ISA_USAGE = YES_ERROR;
				CLANG_WARN_DOCUMENTATION_COMMENTS = YES;
				CLANG_WARN_EMPTY_BODY = YES;
				CLANG_WARN_ENUM_CONVERSION = YES;
				CLANG_WARN_INFINITE_RECURSION = YES;
				CLANG_WARN_INT_CONVERSION = YES;
				CLANG_WARN_NON_LITERAL_NULL_CONVERSION = YES;
				CLANG_WARN_OBJC_IMPLICIT_RETAIN_SELF = YES;
				CLANG_WARN_OBJC_LITERAL_CONVERSION = YES;
				CLANG_WARN_OBJC_ROOT_CLASS = YES_ERROR;
				CLANG_WARN_RANGE_LOOP_ANALYSIS = YES;
				CLANG_WARN_STRICT_PROTOTYPES = YES;
				CLANG_WARN_SUSPICIOUS_MOVE = YES;
				CLANG_WARN_UNGUARDED_AVAILABILITY = YES_AGGRESSIVE;
				CLANG_WARN_UNREACHABLE_CODE = YES;
				CLANG_WARN__DUPLICATE_METHOD_MATCH = YES;
				CODE_SIGN_IDENTITY = "iPhone Developer";
				COPY_PHASE_STRIP = NO;
				DEBUG_INFORMATION_FORMAT = "dwarf-with-dsym";
				ENABLE_NS_ASSERTIONS = NO;
				ENABLE_STRICT_OBJC_MSGSEND = YES;
				GCC_C_LANGUAGE_STANDARD = gnu11;
				GCC_NO_COMMON_BLOCKS = YES;
				GCC_WARN_64_TO_32_BIT_CONVERSION = YES;
				GCC_WARN_ABOUT_RETURN_TYPE = YES_ERROR;
				GCC_WARN_UNDECLARED_SELECTOR = YES;
				GCC_WARN_UNINITIALIZED_AUTOS = YES_AGGRESSIVE;
				GCC_WARN_UNUSED_FUNCTION = YES;
				GCC_WARN_UNUSED_VARIABLE = YES;
				IPHONEOS_DEPLOYMENT_TARGET = 12.2;
				MTL_ENABLE_DEBUG_INFO = NO;
				MTL_FAST_MATH = YES;
				SDKROOT = iphoneos;
				VALIDATE_PRODUCT = YES;
			};
			name = Release;
		};
		CE03AB9F22C82394009B9CB3 /* Debug */ = {
			isa = XCBuildConfiguration;
			buildSettings = {
				ASSETCATALOG_COMPILER_APPICON_NAME = AppIcon;
				CODE_SIGN_STYLE = Automatic;
				DEVELOPMENT_TEAM = TQ7AZ7K6N7;
				ENABLE_BITCODE = NO;
				GCC_PREPROCESSOR_DEFINITIONS = (
					"DEBUG=1",
					"PJ_AUTOCONF=1",
					USE_GUI,
				);
				HEADER_SEARCH_PATHS = (
					"/Users/systec/Documents/src/pjproject-2.9/pjsip/include/",
					"/Users/systec/Documents/src/pjproject-2.9/pjlib/include/",
					"/Users/systec/Documents/src/pjproject-2.9/pjlib-util/include/",
					"/Users/systec/Documents/src/pjproject-2.9/pjnath/include/",
					"/Users/systec/Documents/src/pjproject-2.9/pjmedia/include/",
				);
				INFOPLIST_FILE = Hello/Info.plist;
				LD_RUNPATH_SEARCH_PATHS = (
					"$(inherited)",
					"@executable_path/Frameworks",
				);
				LIBRARY_SEARCH_PATHS = (
					"/Users/systec/Documents/src/pjproject-2.9/pjsip/lib",
					"/Users/systec/Documents/src/pjproject-2.9/pjlib-util/lib",
					"/Users/systec/Documents/src/pjproject-2.9/pjmedia/lib",
					"/Users/systec/Documents/src/pjproject-2.9/pjnath/lib",
					"/Users/systec/Documents/src/pjproject-2.9/pjlib/lib",
					"/Users/systec/Documents/src/pjproject-2.9/third_party/lib",
				);
				ONLY_ACTIVE_ARCH = YES;
				PRODUCT_BUNDLE_IDENTIFIER = systec.Hello;
				PRODUCT_NAME = "$(TARGET_NAME)";
				TARGETED_DEVICE_FAMILY = "1,2";
				VALID_ARCHS = "arm64 armv7 armv7s";
			};
			name = Debug;
		};
		CE03ABA022C82394009B9CB3 /* Release */ = {
			isa = XCBuildConfiguration;
			buildSettings = {
				ASSETCATALOG_COMPILER_APPICON_NAME = AppIcon;
				CODE_SIGN_STYLE = Automatic;
				DEVELOPMENT_TEAM = TQ7AZ7K6N7;
				ENABLE_BITCODE = NO;
				GCC_PREPROCESSOR_DEFINITIONS = (
					"PJ_AUTOCONF=1",
					USE_GUI,
				);
				HEADER_SEARCH_PATHS = (
					"/Users/systec/Documents/src/pjproject-2.9/pjsip/include/",
					"/Users/systec/Documents/src/pjproject-2.9/pjlib/include/",
					"/Users/systec/Documents/src/pjproject-2.9/pjlib-util/include/",
					"/Users/systec/Documents/src/pjproject-2.9/pjnath/include/",
					"/Users/systec/Documents/src/pjproject-2.9/pjmedia/include/",
				);
				INFOPLIST_FILE = Hello/Info.plist;
				LD_RUNPATH_SEARCH_PATHS = (
					"$(inherited)",
					"@executable_path/Frameworks",
				);
				LIBRARY_SEARCH_PATHS = (
					"/Users/systec/Documents/src/pjproject-2.9/pjsip/lib",
					"/Users/systec/Documents/src/pjproject-2.9/pjlib-util/lib",
					"/Users/systec/Documents/src/pjproject-2.9/pjmedia/lib",
					"/Users/systec/Documents/src/pjproject-2.9/pjnath/lib",
					"/Users/systec/Documents/src/pjproject-2.9/pjlib/lib",
					"/Users/systec/Documents/src/pjproject-2.9/third_party/lib",
				);
				ONLY_ACTIVE_ARCH = NO;
				PRODUCT_BUNDLE_IDENTIFIER = systec.Hello;
				PRODUCT_NAME = "$(TARGET_NAME)";
				TARGETED_DEVICE_FAMILY = "1,2";
				VALID_ARCHS = "arm64 armv7 armv7s";
			};
			name = Release;
		};
/* End XCBuildConfiguration section */

/* Begin XCConfigurationList section */
		CE03AB8322C82393009B9CB3 /* Build configuration list for PBXProject "Hello" */ = {
			isa = XCConfigurationList;
			buildConfigurations = (
				CE03AB9C22C82394009B9CB3 /* Debug */,
				CE03AB9D22C82394009B9CB3 /* Release */,
			);
			defaultConfigurationIsVisible = 0;
			defaultConfigurationName = Release;
		};
		CE03AB9E22C82394009B9CB3 /* Build configuration list for PBXNativeTarget "Hello" */ = {
			isa = XCConfigurationList;
			buildConfigurations = (
				CE03AB9F22C82394009B9CB3 /* Debug */,
				CE03ABA022C82394009B9CB3 /* Release */,
			);
			defaultConfigurationIsVisible = 0;
			defaultConfigurationName = Release;
		};
/* End XCConfigurationList section */
	};
	rootObject = CE03AB8022C82393009B9CB3 /* Project object */;
}
